{
  "name": "wechat-rematch",
  "version": "0.0.2",
  "lockfileVersion": 1,
  "requires": true,
  "dependencies": {
    "deep-clone": {
      "version": "3.0.3",
      "resolved": "https://registry.npmjs.org/deep-clone/-/deep-clone-3.0.3.tgz",
      "integrity": "sha512-6jtXIlCBAwr3GP/7Il52clbIFIKAxg/pnNkL4/sE6+Oqb10MXMtm9LDZV2IAuwdaKV9VBm8hlxAFk9r6pF8XRw=="
    }
  }
}
